
Microsoft Visual Studio Solution File, Format Version 12.00
# Visual Studio Version 17
VisualStudioVersion = 17.5.2.0
MinimumVisualStudioVersion = 10.0.40219.1
Project("{FAE04EC0-301F-11D3-BF4B-00C04F79EFBC}") = "Festpay.Onboarding.Api", "Festpay.Onboarding.Api\Festpay.Onboarding.Api.csproj", "{375B7AF3-7E65-93E8-CDA2-1BBE220BF32C}"
EndProject
Project("{FAE04EC0-301F-11D3-BF4B-00C04F79EFBC}") = "Festpay.Onboarding.Application", "Festpay.Onboarding.Application\Festpay.Onboarding.Application.csproj", "{B89B11FA-C676-42F7-B9A9-BD8DB3B4E8E5}"
EndProject
Project("{FAE04EC0-301F-11D3-BF4B-00C04F79EFBC}") = "Festpay.Onboarding.Domain", "Festpay.Onboarding.Domain\Festpay.Onboarding.Domain.csproj", "{4A664072-9FED-41F2-B5F4-B359A477624D}"
EndProject
Project("{FAE04EC0-301F-11D3-BF4B-00C04F79EFBC}") = "Festpay.Onboarding.Infra", "Festpay.Onboarding.Infra\Festpay.Onboarding.Infra.csproj", "{EDAAAE82-5E26-40E1-9DB9-482088406614}"
EndProject
Project("{2150E333-8FDC-42A3-9474-1A3956D46DE8}") = "tests", "tests", "{0AB3BF05-4346-4AA6-1389-037BE0695223}"
EndProject
Project("{FAE04EC0-301F-11D3-BF4B-00C04F79EFBC}") = "Festpay.Onboarding.Application.Tests", "tests\Festpay.Onboarding.Application.Tests\Festpay.Onboarding.Application.Tests.csproj", "{D000993E-88CD-4070-95BF-CE1759B90FE4}"
EndProject
Project("{FAE04EC0-301F-11D3-BF4B-00C04F79EFBC}") = "Festpay.Onboarding.Domain.Tests", "tests\Festpay.Onboarding.Domain.Tests\Festpay.Onboarding.Domain.Tests.csproj", "{365319C8-2230-4A6E-BD07-C98A9C019056}"
EndProject
Global
	GlobalSection(SolutionConfigurationPlatforms) = preSolution
		Debug|Any CPU = Debug|Any CPU
		Debug|x64 = Debug|x64
		Debug|x86 = Debug|x86
		Release|Any CPU = Release|Any CPU
		Release|x64 = Release|x64
		Release|x86 = Release|x86
	EndGlobalSection
	GlobalSection(ProjectConfigurationPlatforms) = postSolution
		{375B7AF3-7E65-93E8-CDA2-1BBE220BF32C}.Debug|Any CPU.ActiveCfg = Debug|Any CPU
		{375B7AF3-7E65-93E8-CDA2-1BBE220BF32C}.Debug|Any CPU.Build.0 = Debug|Any CPU
		{375B7AF3-7E65-93E8-CDA2-1BBE220BF32C}.Debug|x64.ActiveCfg = Debug|Any CPU
		{375B7AF3-7E65-93E8-CDA2-1BBE220BF32C}.Debug|x64.Build.0 = Debug|Any CPU
		{375B7AF3-7E65-93E8-CDA2-1BBE220BF32C}.Debug|x86.ActiveCfg = Debug|Any CPU
		{375B7AF3-7E65-93E8-CDA2-1BBE220BF32C}.Debug|x86.Build.0 = Debug|Any CPU
		{375B7AF3-7E65-93E8-CDA2-1BBE220BF32C}.Release|Any CPU.ActiveCfg = Release|Any CPU
		{375B7AF3-7E65-93E8-CDA2-1BBE220BF32C}.Release|Any CPU.Build.0 = Release|Any CPU
		{375B7AF3-7E65-93E8-CDA2-1BBE220BF32C}.Release|x64.ActiveCfg = Release|Any CPU
		{375B7AF3-7E65-93E8-CDA2-1BBE220BF32C}.Release|x64.Build.0 = Release|Any CPU
		{375B7AF3-7E65-93E8-CDA2-1BBE220BF32C}.Release|x86.ActiveCfg = Release|Any CPU
		{375B7AF3-7E65-93E8-CDA2-1BBE220BF32C}.Release|x86.Build.0 = Release|Any CPU
		{B89B11FA-C676-42F7-B9A9-BD8DB3B4E8E5}.Debug|Any CPU.ActiveCfg = Debug|Any CPU
		{B89B11FA-C676-42F7-B9A9-BD8DB3B4E8E5}.Debug|Any CPU.Build.0 = Debug|Any CPU
		{B89B11FA-C676-42F7-B9A9-BD8DB3B4E8E5}.Debug|x64.ActiveCfg = Debug|Any CPU
		{B89B11FA-C676-42F7-B9A9-BD8DB3B4E8E5}.Debug|x64.Build.0 = Debug|Any CPU
		{B89B11FA-C676-42F7-B9A9-BD8DB3B4E8E5}.Debug|x86.ActiveCfg = Debug|Any CPU
		{B89B11FA-C676-42F7-B9A9-BD8DB3B4E8E5}.Debug|x86.Build.0 = Debug|Any CPU
		{B89B11FA-C676-42F7-B9A9-BD8DB3B4E8E5}.Release|Any CPU.ActiveCfg = Release|Any CPU
		{B89B11FA-C676-42F7-B9A9-BD8DB3B4E8E5}.Release|Any CPU.Build.0 = Release|Any CPU
		{B89B11FA-C676-42F7-B9A9-BD8DB3B4E8E5}.Release|x64.ActiveCfg = Release|Any CPU
		{B89B11FA-C676-42F7-B9A9-BD8DB3B4E8E5}.Release|x64.Build.0 = Release|Any CPU
		{B89B11FA-C676-42F7-B9A9-BD8DB3B4E8E5}.Release|x86.ActiveCfg = Release|Any CPU
		{B89B11FA-C676-42F7-B9A9-BD8DB3B4E8E5}.Release|x86.Build.0 = Release|Any CPU
		{4A664072-9FED-41F2-B5F4-B359A477624D}.Debug|Any CPU.ActiveCfg = Debug|Any CPU
		{4A664072-9FED-41F2-B5F4-B359A477624D}.Debug|Any CPU.Build.0 = Debug|Any CPU
		{4A664072-9FED-41F2-B5F4-B359A477624D}.Debug|x64.ActiveCfg = Debug|Any CPU
		{4A664072-9FED-41F2-B5F4-B359A477624D}.Debug|x64.Build.0 = Debug|Any CPU
		{4A664072-9FED-41F2-B5F4-B359A477624D}.Debug|x86.ActiveCfg = Debug|Any CPU
		{4A664072-9FED-41F2-B5F4-B359A477624D}.Debug|x86.Build.0 = Debug|Any CPU
		{4A664072-9FED-41F2-B5F4-B359A477624D}.Release|Any CPU.ActiveCfg = Release|Any CPU
		{4A664072-9FED-41F2-B5F4-B359A477624D}.Release|Any CPU.Build.0 = Release|Any CPU
		{4A664072-9FED-41F2-B5F4-B359A477624D}.Release|x64.ActiveCfg = Release|Any CPU
		{4A664072-9FED-41F2-B5F4-B359A477624D}.Release|x64.Build.0 = Release|Any CPU
		{4A664072-9FED-41F2-B5F4-B359A477624D}.Release|x86.ActiveCfg = Release|Any CPU
		{4A664072-9FED-41F2-B5F4-B359A477624D}.Release|x86.Build.0 = Release|Any CPU
		{EDAAAE82-5E26-40E1-9DB9-482088406614}.Debug|Any CPU.ActiveCfg = Debug|Any CPU
		{EDAAAE82-5E26-40E1-9DB9-482088406614}.Debug|Any CPU.Build.0 = Debug|Any CPU
		{EDAAAE82-5E26-40E1-9DB9-482088406614}.Debug|x64.ActiveCfg = Debug|Any CPU
		{EDAAAE82-5E26-40E1-9DB9-482088406614}.Debug|x64.Build.0 = Debug|Any CPU
		{EDAAAE82-5E26-40E1-9DB9-482088406614}.Debug|x86.ActiveCfg = Debug|Any CPU
		{EDAAAE82-5E26-40E1-9DB9-482088406614}.Debug|x86.Build.0 = Debug|Any CPU
		{EDAAAE82-5E26-40E1-9DB9-482088406614}.Release|Any CPU.ActiveCfg = Release|Any CPU
		{EDAAAE82-5E26-40E1-9DB9-482088406614}.Release|Any CPU.Build.0 = Release|Any CPU
		{EDAAAE82-5E26-40E1-9DB9-482088406614}.Release|x64.ActiveCfg = Release|Any CPU
		{EDAAAE82-5E26-40E1-9DB9-482088406614}.Release|x64.Build.0 = Release|Any CPU
		{EDAAAE82-5E26-40E1-9DB9-482088406614}.Release|x86.ActiveCfg = Release|Any CPU
		{EDAAAE82-5E26-40E1-9DB9-482088406614}.Release|x86.Build.0 = Release|Any CPU
		{D000993E-88CD-4070-95BF-CE1759B90FE4}.Debug|Any CPU.ActiveCfg = Debug|Any CPU
		{D000993E-88CD-4070-95BF-CE1759B90FE4}.Debug|Any CPU.Build.0 = Debug|Any CPU
		{D000993E-88CD-4070-95BF-CE1759B90FE4}.Debug|x64.ActiveCfg = Debug|Any CPU
		{D000993E-88CD-4070-95BF-CE1759B90FE4}.Debug|x64.Build.0 = Debug|Any CPU
		{D000993E-88CD-4070-95BF-CE1759B90FE4}.Debug|x86.ActiveCfg = Debug|Any CPU
		{D000993E-88CD-4070-95BF-CE1759B90FE4}.Debug|x86.Build.0 = Debug|Any CPU
		{D000993E-88CD-4070-95BF-CE1759B90FE4}.Release|Any CPU.ActiveCfg = Release|Any CPU
		{D000993E-88CD-4070-95BF-CE1759B90FE4}.Release|Any CPU.Build.0 = Release|Any CPU
		{D000993E-88CD-4070-95BF-CE1759B90FE4}.Release|x64.ActiveCfg = Release|Any CPU
		{D000993E-88CD-4070-95BF-CE1759B90FE4}.Release|x64.Build.0 = Release|Any CPU
		{D000993E-88CD-4070-95BF-CE1759B90FE4}.Release|x86.ActiveCfg = Release|Any CPU
		{D000993E-88CD-4070-95BF-CE1759B90FE4}.Release|x86.Build.0 = Release|Any CPU
		{365319C8-2230-4A6E-BD07-C98A9C019056}.Debug|Any CPU.ActiveCfg = Debug|Any CPU
		{365319C8-2230-4A6E-BD07-C98A9C019056}.Debug|Any CPU.Build.0 = Debug|Any CPU
		{365319C8-2230-4A6E-BD07-C98A9C019056}.Debug|x64.ActiveCfg = Debug|Any CPU
		{365319C8-2230-4A6E-BD07-C98A9C019056}.Debug|x64.Build.0 = Debug|Any CPU
		{365319C8-2230-4A6E-BD07-C98A9C019056}.Debug|x86.ActiveCfg = Debug|Any CPU
		{365319C8-2230-4A6E-BD07-C98A9C019056}.Debug|x86.Build.0 = Debug|Any CPU
		{365319C8-2230-4A6E-BD07-C98A9C019056}.Release|Any CPU.ActiveCfg = Release|Any CPU
		{365319C8-2230-4A6E-BD07-C98A9C019056}.Release|Any CPU.Build.0 = Release|Any CPU
		{365319C8-2230-4A6E-BD07-C98A9C019056}.Release|x64.ActiveCfg = Release|Any CPU
		{365319C8-2230-4A6E-BD07-C98A9C019056}.Release|x64.Build.0 = Release|Any CPU
		{365319C8-2230-4A6E-BD07-C98A9C019056}.Release|x86.ActiveCfg = Release|Any CPU
		{365319C8-2230-4A6E-BD07-C98A9C019056}.Release|x86.Build.0 = Release|Any CPU
	EndGlobalSection
	GlobalSection(SolutionProperties) = preSolution
		HideSolutionNode = FALSE
	EndGlobalSection
	GlobalSection(NestedProjects) = preSolution
		{D000993E-88CD-4070-95BF-CE1759B90FE4} = {0AB3BF05-4346-4AA6-1389-037BE0695223}
		{365319C8-2230-4A6E-BD07-C98A9C019056} = {0AB3BF05-4346-4AA6-1389-037BE0695223}
	EndGlobalSection
	GlobalSection(ExtensibilityGlobals) = postSolution
		SolutionGuid = {C62EDDB9-B2B3-411A-9E60-646C2F52F53F}
	EndGlobalSection
EndGlobal
